
Microsoft Visual Studio Solution File, Format Version 12.00
# Visual Studio Version 16
VisualStudioVersion = 16.0.29424.173
MinimumVisualStudioVersion = 10.0.40219.1
Project("{8BC9CEB8-8B4A-11D0-8D11-00A0C91BC942}") = "BrickGame", "BrickGame\BrickGame.vcxproj", "{4D75C825-60A8-4594-AD4D-96056E1DFAAF}"
EndProject
Global
	GlobalSection(SolutionConfigurationPlatforms) = preSolution
		Debug|x64 = Debug|x64
		Debug|x86 = Debug|x86
		Release|x64 = Release|x64
		Release|x86 = Release|x86
	EndGlobalSection
	GlobalSection(ProjectConfigurationPlatforms) = postSolution
		{4D75C825-60A8-4594-AD4D-96056E1DFAAF}.Debug|x64.ActiveCfg = Debug|x64
		{4D75C825-60A8-4594-AD4D-96056E1DFAAF}.Debug|x64.Build.0 = Debug|x64
		{4D75C825-60A8-4594-AD4D-96056E1DFAAF}.Debug|x86.ActiveCfg = Debug|Win32
		{4D75C825-60A8-4594-AD4D-96056E1DFAAF}.Debug|x86.Build.0 = Debug|Win32
		{4D75C825-60A8-4594-AD4D-96056E1DFAAF}.Release|x64.ActiveCfg = Release|x64
		{4D75C825-60A8-4594-AD4D-96056E1DFAAF}.Release|x64.Build.0 = Release|x64
		{4D75C825-60A8-4594-AD4D-96056E1DFAAF}.Release|x86.ActiveCfg = Release|Win32
		{4D75C825-60A8-4594-AD4D-96056E1DFAAF}.Release|x86.Build.0 = Release|Win32
	EndGlobalSection
	GlobalSection(SolutionProperties) = preSolution
		HideSolutionNode = FALSE
	EndGlobalSection
	GlobalSection(ExtensibilityGlobals) = postSolution
		SolutionGuid = {C0F2AC0D-E766-41A3-8340-B3DCAFE87062}
	EndGlobalSection
EndGlobal
